// !$*UTF8*$!
{
	archiveVersion = 1;
	classes = {
	};
	objectVersion = 46;
	objects = {

/* Begin PBXBuildFile section */
		9B7455D01EEF08D800C6DD54 /* AppDelegate.swift in Sources */ = {isa = PBXBuildFile; fileRef = 9B7455CF1EEF08D800C6DD54 /* AppDelegate.swift */; };
		9B7455D21EEF08D800C6DD54 /* StartController.swift in Sources */ = {isa = PBXBuildFile; fileRef = 9B7455D11EEF08D800C6DD54 /* StartController.swift */; };
		9B7455D51EEF08D800C6DD54 /* Main.storyboard in Resources */ = {isa = PBXBuildFile; fileRef = 9B7455D31EEF08D800C6DD54 /* Main.storyboard */; };
		9B7455D71EEF08D800C6DD54 /* Assets.xcassets in Resources */ = {isa = PBXBuildFile; fileRef = 9B7455D61EEF08D800C6DD54 /* Assets.xcassets */; };
		9B7455DA1EEF08D800C6DD54 /* LaunchScreen.storyboard in Resources */ = {isa = PBXBuildFile; fileRef = 9B7455D81EEF08D800C6DD54 /* LaunchScreen.storyboard */; };
		9B7455E51EEF08D800C6DD54 /* psSimoneTests.swift in Sources */ = {isa = PBXBuildFile; fileRef = 9B7455E41EEF08D800C6DD54 /* psSimoneTests.swift */; };
		9B7455F01EEF08D800C6DD54 /* psSimoneUITests.swift in Sources */ = {isa = PBXBuildFile; fileRef = 9B7455EF1EEF08D800C6DD54 /* psSimoneUITests.swift */; };
		9B93F8A61F0AB8B40008C690 /* b2.png in Resources */ = {isa = PBXBuildFile; fileRef = 9B93F89D1F0AB8B40008C690 /* b2.png */; };
		9B93F8A71F0AB8B40008C690 /* b8.png in Resources */ = {isa = PBXBuildFile; fileRef = 9B93F89E1F0AB8B40008C690 /* b8.png */; };
		9B93F8A81F0AB8B40008C690 /* bar.png in Resources */ = {isa = PBXBuildFile; fileRef = 9B93F89F1F0AB8B40008C690 /* bar.png */; };
		9B93F8A91F0AB8B40008C690 /* high.png in Resources */ = {isa = PBXBuildFile; fileRef = 9B93F8A01F0AB8B40008C690 /* high.png */; };
		9B93F8AA1F0AB8B40008C690 /* icon_120.png in Resources */ = {isa = PBXBuildFile; fileRef = 9B93F8A11F0AB8B40008C690 /* icon_120.png */; };
		9B93F8AB1F0AB8B40008C690 /* new.png in Resources */ = {isa = PBXBuildFile; fileRef = 9B93F8A21F0AB8B40008C690 /* new.png */; };
		9B93F8AC1F0AB8B40008C690 /* play.png in Resources */ = {isa = PBXBuildFile; fileRef = 9B93F8A31F0AB8B40008C690 /* play.png */; };
		9B93F8AD1F0AB8B40008C690 /* ring.png in Resources */ = {isa = PBXBuildFile; fileRef = 9B93F8A41F0AB8B40008C690 /* ring.png */; };
		9B93F8AE1F0AB8B40008C690 /* simone.png in Resources */ = {isa = PBXBuildFile; fileRef = 9B93F8A51F0AB8B40008C690 /* simone.png */; };
		9B93F8B01F0AD1C90008C690 /* reset.png in Resources */ = {isa = PBXBuildFile; fileRef = 9B93F8AF1F0AD1C90008C690 /* reset.png */; };
		9B93F8B31F0AD8A30008C690 /* GameController.swift in Sources */ = {isa = PBXBuildFile; fileRef = 9B93F8B21F0AD8A30008C690 /* GameController.swift */; };
		9B93F8B51F0AD91F0008C690 /* WrongController.swift in Sources */ = {isa = PBXBuildFile; fileRef = 9B93F8B41F0AD91F0008C690 /* WrongController.swift */; };
		9B93F8B71F0AD9A60008C690 /* SimoneBrain.swift in Sources */ = {isa = PBXBuildFile; fileRef = 9B93F8B61F0AD9A60008C690 /* SimoneBrain.swift */; };
		9B93F8B91F0ADA150008C690 /* SingletonShared.swift in Sources */ = {isa = PBXBuildFile; fileRef = 9B93F8B81F0ADA150008C690 /* SingletonShared.swift */; };
		9BB3151A1EF3156C005C1D66 /* Beatles Light Light.ttf in Resources */ = {isa = PBXBuildFile; fileRef = 9BB315191EF3156C005C1D66 /* Beatles Light Light.ttf */; };
/* End PBXBuildFile section */

/* Begin PBXContainerItemProxy section */
		9B7455E11EEF08D800C6DD54 /* PBXContainerItemProxy */ = {
			isa = PBXContainerItemProxy;
			containerPortal = 9B7455C41EEF08D700C6DD54 /* Project object */;
			proxyType = 1;
			remoteGlobalIDString = 9B7455CB1EEF08D700C6DD54;
			remoteInfo = psSimone;
		};
		9B7455EC1EEF08D800C6DD54 /* PBXContainerItemProxy */ = {
			isa = PBXContainerItemProxy;
			containerPortal = 9B7455C41EEF08D700C6DD54 /* Project object */;
			proxyType = 1;
			remoteGlobalIDString = 9B7455CB1EEF08D700C6DD54;
			remoteInfo = psSimone;
		};
/* End PBXContainerItemProxy section */

/* Begin PBXFileReference section */
		9B7455CC1EEF08D700C6DD54 /* psSimone.app */ = {isa = PBXFileReference; explicitFileType = wrapper.application; includeInIndex = 0; path = psSimone.app; sourceTree = BUILT_PRODUCTS_DIR; };
		9B7455CF1EEF08D800C6DD54 /* AppDelegate.swift */ = {isa = PBXFileReference; lastKnownFileType = sourcecode.swift; path = AppDelegate.swift; sourceTree = "<group>"; };
		9B7455D11EEF08D800C6DD54 /* StartController.swift */ = {isa = PBXFileReference; lastKnownFileType = sourcecode.swift; path = StartController.swift; sourceTree = "<group>"; };
		9B7455D41EEF08D800C6DD54 /* Base */ = {isa = PBXFileReference; lastKnownFileType = file.storyboard; name = Base; path = Base.lproj/Main.storyboard; sourceTree = "<group>"; };
		9B7455D61EEF08D800C6DD54 /* Assets.xcassets */ = {isa = PBXFileReference; lastKnownFileType = folder.assetcatalog; path = Assets.xcassets; sourceTree = "<group>"; };
		9B7455D91EEF08D800C6DD54 /* Base */ = {isa = PBXFileReference; lastKnownFileType = file.storyboard; name = Base; path = Base.lproj/LaunchScreen.storyboard; sourceTree = "<group>"; };
		9B7455DB1EEF08D800C6DD54 /* Info.plist */ = {isa = PBXFileReference; lastKnownFileType = text.plist.xml; path = Info.plist; sourceTree = "<group>"; };
		9B7455E01EEF08D800C6DD54 /* psSimoneTests.xctest */ = {isa = PBXFileReference; explicitFileType = wrapper.cfbundle; includeInIndex = 0; path = psSimoneTests.xctest; sourceTree = BUILT_PRODUCTS_DIR; };
		9B7455E41EEF08D800C6DD54 /* psSimoneTests.swift */ = {isa = PBXFileReference; lastKnownFileType = sourcecode.swift; path = psSimoneTests.swift; sourceTree = "<group>"; };
		9B7455E61EEF08D800C6DD54 /* Info.plist */ = {isa = PBXFileReference; lastKnownFileType = text.plist.xml; path = Info.plist; sourceTree = "<group>"; };
		9B7455EB1EEF08D800C6DD54 /* psSimoneUITests.xctest */ = {isa = PBXFileReference; explicitFileType = wrapper.cfbundle; includeInIndex = 0; path = psSimoneUITests.xctest; sourceTree = BUILT_PRODUCTS_DIR; };
		9B7455EF1EEF08D800C6DD54 /* psSimoneUITests.swift */ = {isa = PBXFileReference; lastKnownFileType = sourcecode.swift; path = psSimoneUITests.swift; sourceTree = "<group>"; };
		9B7455F11EEF08D800C6DD54 /* Info.plist */ = {isa = PBXFileReference; lastKnownFileType = text.plist.xml; path = Info.plist; sourceTree = "<group>"; };
		9B93F89D1F0AB8B40008C690 /* b2.png */ = {isa = PBXFileReference; lastKnownFileType = image.png; name = b2.png; path = images/b2.png; sourceTree = "<group>"; };
		9B93F89E1F0AB8B40008C690 /* b8.png */ = {isa = PBXFileReference; lastKnownFileType = image.png; name = b8.png; path = images/b8.png; sourceTree = "<group>"; };
		9B93F89F1F0AB8B40008C690 /* bar.png */ = {isa = PBXFileReference; lastKnownFileType = image.png; name = bar.png; path = images/bar.png; sourceTree = "<group>"; };
		9B93F8A01F0AB8B40008C690 /* high.png */ = {isa = PBXFileReference; lastKnownFileType = image.png; name = high.png; path = images/high.png; sourceTree = "<group>"; };
		9B93F8A11F0AB8B40008C690 /* icon_120.png */ = {isa = PBXFileReference; lastKnownFileType = image.png; name = icon_120.png; path = images/icon_120.png; sourceTree = "<group>"; };
		9B93F8A21F0AB8B40008C690 /* new.png */ = {isa = PBXFileReference; lastKnownFileType = image.png; name = new.png; path = images/new.png; sourceTree = "<group>"; };
		9B93F8A31F0AB8B40008C690 /* play.png */ = {isa = PBXFileReference; lastKnownFileType = image.png; name = play.png; path = images/play.png; sourceTree = "<group>"; };
		9B93F8A41F0AB8B40008C690 /* ring.png */ = {isa = PBXFileReference; lastKnownFileType = image.png; name = ring.png; path = images/ring.png; sourceTree = "<group>"; };
		9B93F8A51F0AB8B40008C690 /* simone.png */ = {isa = PBXFileReference; lastKnownFileType = image.png; name = simone.png; path = images/simone.png; sourceTree = "<group>"; };
		9B93F8AF1F0AD1C90008C690 /* reset.png */ = {isa = PBXFileReference; lastKnownFileType = image.png; name = reset.png; path = images/reset.png; sourceTree = "<group>"; };
		9B93F8B21F0AD8A30008C690 /* GameController.swift */ = {isa = PBXFileReference; fileEncoding = 4; lastKnownFileType = sourcecode.swift; path = GameController.swift; sourceTree = "<group>"; };
		9B93F8B41F0AD91F0008C690 /* WrongController.swift */ = {isa = PBXFileReference; fileEncoding = 4; lastKnownFileType = sourcecode.swift; path = WrongController.swift; sourceTree = "<group>"; };
		9B93F8B61F0AD9A60008C690 /* SimoneBrain.swift */ = {isa = PBXFileReference; fileEncoding = 4; lastKnownFileType = sourcecode.swift; path = SimoneBrain.swift; sourceTree = "<group>"; };
		9B93F8B81F0ADA150008C690 /* SingletonShared.swift */ = {isa = PBXFileReference; fileEncoding = 4; lastKnownFileType = sourcecode.swift; path = SingletonShared.swift; sourceTree = "<group>"; };
		9BB315191EF3156C005C1D66 /* Beatles Light Light.ttf */ = {isa = PBXFileReference; lastKnownFileType = file; name = "Beatles Light Light.ttf"; path = "working/fonts/Beatles Light Light.ttf"; sourceTree = SOURCE_ROOT; };
/* End PBXFileReference section */

/* Begin PBXFrameworksBuildPhase section */
		9B7455C91EEF08D700C6DD54 /* Frameworks */ = {
			isa = PBXFrameworksBuildPhase;
			buildActionMask = 2147483647;
			files = (
			);
			runOnlyForDeploymentPostprocessing = 0;
		};
		9B7455DD1EEF08D800C6DD54 /* Frameworks */ = {
			isa = PBXFrameworksBuildPhase;
			buildActionMask = 2147483647;
			files = (
			);
			runOnlyForDeploymentPostprocessing = 0;
		};
		9B7455E81EEF08D800C6DD54 /* Frameworks */ = {
			isa = PBXFrameworksBuildPhase;
			buildActionMask = 2147483647;
			files = (
			);
			runOnlyForDeploymentPostprocessing = 0;
		};
/* End PBXFrameworksBuildPhase section */

/* Begin PBXGroup section */
		9B7455C31EEF08D700C6DD54 = {
			isa = PBXGroup;
			children = (
				9B7455CE1EEF08D700C6DD54 /* psSimone */,
				9B7455E31EEF08D800C6DD54 /* psSimoneTests */,
				9B7455EE1EEF08D800C6DD54 /* psSimoneUITests */,
				9B7455CD1EEF08D700C6DD54 /* Products */,
			);
			sourceTree = "<group>";
		};
		9B7455CD1EEF08D700C6DD54 /* Products */ = {
			isa = PBXGroup;
			children = (
				9B7455CC1EEF08D700C6DD54 /* psSimone.app */,
				9B7455E01EEF08D800C6DD54 /* psSimoneTests.xctest */,
				9B7455EB1EEF08D800C6DD54 /* psSimoneUITests.xctest */,
			);
			name = Products;
			sourceTree = "<group>";
		};
		9B7455CE1EEF08D700C6DD54 /* psSimone */ = {
			isa = PBXGroup;
			children = (
				9B7455FD1EEF096B00C6DD54 /* assets */,
				9B7455D11EEF08D800C6DD54 /* StartController.swift */,
				9B93F8B21F0AD8A30008C690 /* GameController.swift */,
				9B93F8B41F0AD91F0008C690 /* WrongController.swift */,
				9B93F8B61F0AD9A60008C690 /* SimoneBrain.swift */,
				9B93F8B81F0ADA150008C690 /* SingletonShared.swift */,
				9B7455D31EEF08D800C6DD54 /* Main.storyboard */,
			);
			path = psSimone;
			sourceTree = "<group>";
		};
		9B7455E31EEF08D800C6DD54 /* psSimoneTests */ = {
			isa = PBXGroup;
			children = (
				9B7455E41EEF08D800C6DD54 /* psSimoneTests.swift */,
				9B7455E61EEF08D800C6DD54 /* Info.plist */,
			);
			path = psSimoneTests;
			sourceTree = "<group>";
		};
		9B7455EE1EEF08D800C6DD54 /* psSimoneUITests */ = {
			isa = PBXGroup;
			children = (
				9B7455EF1EEF08D800C6DD54 /* psSimoneUITests.swift */,
				9B7455F11EEF08D800C6DD54 /* Info.plist */,
			);
			path = psSimoneUITests;
			sourceTree = "<group>";
		};
		9B7455FD1EEF096B00C6DD54 /* assets */ = {
			isa = PBXGroup;
			children = (
				9BB3150A1EF3154F005C1D66 /* Images */,
				9BB315091EF31540005C1D66 /* Fonts */,
				9B93F8B11F0AD6FB0008C690 /* Support */,
			);
			name = assets;
			sourceTree = "<group>";
		};
		9B93F8B11F0AD6FB0008C690 /* Support */ = {
			isa = PBXGroup;
			children = (
				9B7455CF1EEF08D800C6DD54 /* AppDelegate.swift */,
				9B7455D61EEF08D800C6DD54 /* Assets.xcassets */,
				9B7455D81EEF08D800C6DD54 /* LaunchScreen.storyboard */,
				9B7455DB1EEF08D800C6DD54 /* Info.plist */,
			);
			name = Support;
			sourceTree = "<group>";
		};
		9BB315091EF31540005C1D66 /* Fonts */ = {
			isa = PBXGroup;
			children = (
				9BB315191EF3156C005C1D66 /* Beatles Light Light.ttf */,
			);
			name = Fonts;
			sourceTree = "<group>";
		};
		9BB3150A1EF3154F005C1D66 /* Images */ = {
			isa = PBXGroup;
			children = (
				9B93F8AF1F0AD1C90008C690 /* reset.png */,
				9B93F89D1F0AB8B40008C690 /* b2.png */,
				9B93F89E1F0AB8B40008C690 /* b8.png */,
				9B93F89F1F0AB8B40008C690 /* bar.png */,
				9B93F8A01F0AB8B40008C690 /* high.png */,
				9B93F8A11F0AB8B40008C690 /* icon_120.png */,
				9B93F8A21F0AB8B40008C690 /* new.png */,
				9B93F8A31F0AB8B40008C690 /* play.png */,
				9B93F8A41F0AB8B40008C690 /* ring.png */,
				9B93F8A51F0AB8B40008C690 /* simone.png */,
			);
			name = Images;
			sourceTree = "<group>";
		};
/* End PBXGroup section */

/* Begin PBXNativeTarget section */
		9B7455CB1EEF08D700C6DD54 /* psSimone */ = {
			isa = PBXNativeTarget;
			buildConfigurationList = 9B7455F41EEF08D800C6DD54 /* Build configuration list for PBXNativeTarget "psSimone" */;
			buildPhases = (
				9B7455C81EEF08D700C6DD54 /* Sources */,
				9B7455C91EEF08D700C6DD54 /* Frameworks */,
				9B7455CA1EEF08D700C6DD54 /* Resources */,
			);
			buildRules = (
			);
			dependencies = (
			);
			name = psSimone;
			productName = psSimone;
			productReference = 9B7455CC1EEF08D700C6DD54 /* psSimone.app */;
			productType = "com.apple.product-type.application";
		};
		9B7455DF1EEF08D800C6DD54 /* psSimoneTests */ = {
			isa = PBXNativeTarget;
			buildConfigurationList = 9B7455F71EEF08D800C6DD54 /* Build configuration list for PBXNativeTarget "psSimoneTests" */;
			buildPhases = (
				9B7455DC1EEF08D800C6DD54 /* Sources */,
				9B7455DD1EEF08D800C6DD54 /* Frameworks */,
				9B7455DE1EEF08D800C6DD54 /* Resources */,
			);
			buildRules = (
			);
			dependencies = (
				9B7455E21EEF08D800C6DD54 /* PBXTargetDependency */,
			);
			name = psSimoneTests;
			productName = psSimoneTests;
			productReference = 9B7455E01EEF08D800C6DD54 /* psSimoneTests.xctest */;
			productType = "com.apple.product-type.bundle.unit-test";
		};
		9B7455EA1EEF08D800C6DD54 /* psSimoneUITests */ = {
			isa = PBXNativeTarget;
			buildConfigurationList = 9B7455FA1EEF08D800C6DD54 /* Build configuration list for PBXNativeTarget "psSimoneUITests" */;
			buildPhases = (
				9B7455E71EEF08D800C6DD54 /* Sources */,
				9B7455E81EEF08D800C6DD54 /* Frameworks */,
				9B7455E91EEF08D800C6DD54 /* Resources */,
			);
			buildRules = (
			);
			dependencies = (
				9B7455ED1EEF08D800C6DD54 /* PBXTargetDependency */,
			);
			name = psSimoneUITests;
			productName = psSimoneUITests;
			productReference = 9B7455EB1EEF08D800C6DD54 /* psSimoneUITests.xctest */;
			productType = "com.apple.product-type.bundle.ui-testing";
		};
/* End PBXNativeTarget section */

/* Begin PBXProject section */
		9B7455C41EEF08D700C6DD54 /* Project object */ = {
			isa = PBXProject;
			attributes = {
				LastSwiftUpdateCheck = 0820;
				LastUpgradeCheck = 0820;
				ORGANIZATIONNAME = eleves;
				TargetAttributes = {
					9B7455CB1EEF08D700C6DD54 = {
						CreatedOnToolsVersion = 8.2;
						ProvisioningStyle = Automatic;
					};
					9B7455DF1EEF08D800C6DD54 = {
						CreatedOnToolsVersion = 8.2;
						ProvisioningStyle = Automatic;
						TestTargetID = 9B7455CB1EEF08D700C6DD54;
					};
					9B7455EA1EEF08D800C6DD54 = {
						CreatedOnToolsVersion = 8.2;
						ProvisioningStyle = Automatic;
						TestTargetID = 9B7455CB1EEF08D700C6DD54;
					};
				};
			};
			buildConfigurationList = 9B7455C71EEF08D700C6DD54 /* Build configuration list for PBXProject "psSimone" */;
			compatibilityVersion = "Xcode 3.2";
			developmentRegion = English;
			hasScannedForEncodings = 0;
			knownRegions = (
				en,
				Base,
			);
			mainGroup = 9B7455C31EEF08D700C6DD54;
			productRefGroup = 9B7455CD1EEF08D700C6DD54 /* Products */;
			projectDirPath = "";
			projectRoot = "";
			targets = (
				9B7455CB1EEF08D700C6DD54 /* psSimone */,
				9B7455DF1EEF08D800C6DD54 /* psSimoneTests */,
				9B7455EA1EEF08D800C6DD54 /* psSimoneUITests */,
			);
		};
/* End PBXProject section */

/* Begin PBXResourcesBuildPhase section */
		9B7455CA1EEF08D700C6DD54 /* Resources */ = {
			isa = PBXResourcesBuildPhase;
			buildActionMask = 2147483647;
			files = (
				9B93F8AB1F0AB8B40008C690 /* new.png in Resources */,
				9B93F8A61F0AB8B40008C690 /* b2.png in Resources */,
				9B93F8AA1F0AB8B40008C690 /* icon_120.png in Resources */,
				9B93F8A71F0AB8B40008C690 /* b8.png in Resources */,
				9BB3151A1EF3156C005C1D66 /* Beatles Light Light.ttf in Resources */,
				9B93F8A91F0AB8B40008C690 /* high.png in Resources */,
				9B7455DA1EEF08D800C6DD54 /* LaunchScreen.storyboard in Resources */,
				9B93F8B01F0AD1C90008C690 /* reset.png in Resources */,
				9B93F8AC1F0AB8B40008C690 /* play.png in Resources */,
				9B93F8A81F0AB8B40008C690 /* bar.png in Resources */,
				9B7455D71EEF08D800C6DD54 /* Assets.xcassets in Resources */,
				9B7455D51EEF08D800C6DD54 /* Main.storyboard in Resources */,
				9B93F8AE1F0AB8B40008C690 /* simone.png in Resources */,
				9B93F8AD1F0AB8B40008C690 /* ring.png in Resources */,
			);
			runOnlyForDeploymentPostprocessing = 0;
		};
		9B7455DE1EEF08D800C6DD54 /* Resources */ = {
			isa = PBXResourcesBuildPhase;
			buildActionMask = 2147483647;
			files = (
			);
			runOnlyForDeploymentPostprocessing = 0;
		};
		9B7455E91EEF08D800C6DD54 /* Resources */ = {
			isa = PBXResourcesBuildPhase;
			buildActionMask = 2147483647;
			files = (
			);
			runOnlyForDeploymentPostprocessing = 0;
		};
/* End PBXResourcesBuildPhase section */

/* Begin PBXSourcesBuildPhase section */
		9B7455C81EEF08D700C6DD54 /* Sources */ = {
			isa = PBXSourcesBuildPhase;
			buildActionMask = 2147483647;
			files = (
				9B93F8B91F0ADA150008C690 /* SingletonShared.swift in Sources */,
				9B93F8B71F0AD9A60008C690 /* SimoneBrain.swift in Sources */,
				9B7455D21EEF08D800C6DD54 /* StartController.swift in Sources */,
				9B93F8B51F0AD91F0008C690 /* WrongController.swift in Sources */,
				9B93F8B31F0AD8A30008C690 /* GameController.swift in Sources */,
				9B7455D01EEF08D800C6DD54 /* AppDelegate.swift in Sources */,
			);
			runOnlyForDeploymentPostprocessing = 0;
		};
		9B7455DC1EEF08D800C6DD54 /* Sources */ = {
			isa = PBXSourcesBuildPhase;
			buildActionMask = 2147483647;
			files = (
				9B7455E51EEF08D800C6DD54 /* psSimoneTests.swift in Sources */,
			);
			runOnlyForDeploymentPostprocessing = 0;
		};
		9B7455E71EEF08D800C6DD54 /* Sources */ = {
			isa = PBXSourcesBuildPhase;
			buildActionMask = 2147483647;
			files = (
				9B7455F01EEF08D800C6DD54 /* psSimoneUITests.swift in Sources */,
			);
			runOnlyForDeploymentPostprocessing = 0;
		};
/* End PBXSourcesBuildPhase section */

/* Begin PBXTargetDependency section */
		9B7455E21EEF08D800C6DD54 /* PBXTargetDependency */ = {
			isa = PBXTargetDependency;
			target = 9B7455CB1EEF08D700C6DD54 /* psSimone */;
			targetProxy = 9B7455E11EEF08D800C6DD54 /* PBXContainerItemProxy */;
		};
		9B7455ED1EEF08D800C6DD54 /* PBXTargetDependency */ = {
			isa = PBXTargetDependency;
			target = 9B7455CB1EEF08D700C6DD54 /* psSimone */;
			targetProxy = 9B7455EC1EEF08D800C6DD54 /* PBXContainerItemProxy */;
		};
/* End PBXTargetDependency section */

/* Begin PBXVariantGroup section */
		9B7455D31EEF08D800C6DD54 /* Main.storyboard */ = {
			isa = PBXVariantGroup;
			children = (
				9B7455D41EEF08D800C6DD54 /* Base */,
			);
			name = Main.storyboard;
			sourceTree = "<group>";
		};
		9B7455D81EEF08D800C6DD54 /* LaunchScreen.storyboard */ = {
			isa = PBXVariantGroup;
			children = (
				9B7455D91EEF08D800C6DD54 /* Base */,
			);
			name = LaunchScreen.storyboard;
			sourceTree = "<group>";
		};
/* End PBXVariantGroup section */

/* Begin XCBuildConfiguration section */
		9B7455F21EEF08D800C6DD54 /* Debug */ = {
			isa = XCBuildConfiguration;
			buildSettings = {
				ALWAYS_SEARCH_USER_PATHS = NO;
				CLANG_ANALYZER_NONNULL = YES;
				CLANG_CXX_LANGUAGE_STANDARD = "gnu++0x";
				CLANG_CXX_LIBRARY = "libc++";
				CLANG_ENABLE_MODULES = YES;
				CLANG_ENABLE_OBJC_ARC = YES;
				CLANG_WARN_BOOL_CONVERSION = YES;
				CLANG_WARN_CONSTANT_CONVERSION = YES;
				CLANG_WARN_DIRECT_OBJC_ISA_USAGE = YES_ERROR;
				CLANG_WARN_DOCUMENTATION_COMMENTS = YES;
				CLANG_WARN_EMPTY_BODY = YES;
				CLANG_WARN_ENUM_CONVERSION = YES;
				CLANG_WARN_INFINITE_RECURSION = YES;
				CLANG_WARN_INT_CONVERSION = YES;
				CLANG_WARN_OBJC_ROOT_CLASS = YES_ERROR;
				CLANG_WARN_SUSPICIOUS_MOVE = YES;
				CLANG_WARN_UNREACHABLE_CODE = YES;
				CLANG_WARN__DUPLICATE_METHOD_MATCH = YES;
				"CODE_SIGN_IDENTITY[sdk=iphoneos*]" = "iPhone Developer";
				COPY_PHASE_STRIP = NO;
				DEBUG_INFORMATION_FORMAT = dwarf;
				ENABLE_STRICT_OBJC_MSGSEND = YES;
				ENABLE_TESTABILITY = YES;
				GCC_C_LANGUAGE_STANDARD = gnu99;
				GCC_DYNAMIC_NO_PIC = NO;
				GCC_NO_COMMON_BLOCKS = YES;
				GCC_OPTIMIZATION_LEVEL = 0;
				GCC_PREPROCESSOR_DEFINITIONS = (
					"DEBUG=1",
					"$(inherited)",
				);
				GCC_WARN_64_TO_32_BIT_CONVERSION = YES;
				GCC_WARN_ABOUT_RETURN_TYPE = YES_ERROR;
				GCC_WARN_UNDECLARED_SELECTOR = YES;
				GCC_WARN_UNINITIALIZED_AUTOS = YES_AGGRESSIVE;
				GCC_WARN_UNUSED_FUNCTION = YES;
				GCC_WARN_UNUSED_VARIABLE = YES;
				IPHONEOS_DEPLOYMENT_TARGET = 10.2;
				MTL_ENABLE_DEBUG_INFO = YES;
				ONLY_ACTIVE_ARCH = YES;
				SDKROOT = iphoneos;
				SWIFT_ACTIVE_COMPILATION_CONDITIONS = DEBUG;
				SWIFT_OPTIMIZATION_LEVEL = "-Onone";
				TARGETED_DEVICE_FAMILY = "1,2";
			};
			name = Debug;
		};
		9B7455F31EEF08D800C6DD54 /* Release */ = {
			isa = XCBuildConfiguration;
			buildSettings = {
				ALWAYS_SEARCH_USER_PATHS = NO;
				CLANG_ANALYZER_NONNULL = YES;
				CLANG_CXX_LANGUAGE_STANDARD = "gnu++0x";
				CLANG_CXX_LIBRARY = "libc++";
				CLANG_ENABLE_MODULES = YES;
				CLANG_ENABLE_OBJC_ARC = YES;
				CLANG_WARN_BOOL_CONVERSION = YES;
				CLANG_WARN_CONSTANT_CONVERSION = YES;
				CLANG_WARN_DIRECT_OBJC_ISA_USAGE = YES_ERROR;
				CLANG_WARN_DOCUMENTATION_COMMENTS = YES;
				CLANG_WARN_EMPTY_BODY = YES;
				CLANG_WARN_ENUM_CONVERSION = YES;
				CLANG_WARN_INFINITE_RECURSION = YES;
				CLANG_WARN_INT_CONVERSION = YES;
				CLANG_WARN_OBJC_ROOT_CLASS = YES_ERROR;
				CLANG_WARN_SUSPICIOUS_MOVE = YES;
				CLANG_WARN_UNREACHABLE_CODE = YES;
				CLANG_WARN__DUPLICATE_METHOD_MATCH = YES;
				"CODE_SIGN_IDENTITY[sdk=iphoneos*]" = "iPhone Developer";
				COPY_PHASE_STRIP = NO;
				DEBUG_INFORMATION_FORMAT = "dwarf-with-dsym";
				ENABLE_NS_ASSERTIONS = NO;
				ENABLE_STRICT_OBJC_MSGSEND = YES;
				GCC_C_LANGUAGE_STANDARD = gnu99;
				GCC_NO_COMMON_BLOCKS = YES;
				GCC_WARN_64_TO_32_BIT_CONVERSION = YES;
				GCC_WARN_ABOUT_RETURN_TYPE = YES_ERROR;
				GCC_WARN_UNDECLARED_SELECTOR = YES;
				GCC_WARN_UNINITIALIZED_AUTOS = YES_AGGRESSIVE;
				GCC_WARN_UNUSED_FUNCTION = YES;
				GCC_WARN_UNUSED_VARIABLE = YES;
				IPHONEOS_DEPLOYMENT_TARGET = 10.2;
				MTL_ENABLE_DEBUG_INFO = NO;
				SDKROOT = iphoneos;
				SWIFT_OPTIMIZATION_LEVEL = "-Owholemodule";
				TARGETED_DEVICE_FAMILY = "1,2";
				VALIDATE_PRODUCT = YES;
			};
			name = Release;
		};
		9B7455F51EEF08D800C6DD54 /* Debug */ = {
			isa = XCBuildConfiguration;
			buildSettings = {
				ASSETCATALOG_COMPILER_APPICON_NAME = AppIcon;
				INFOPLIST_FILE = psSimone/Info.plist;
				LD_RUNPATH_SEARCH_PATHS = "$(inherited) @executable_path/Frameworks";
				PRODUCT_BUNDLE_IDENTIFIER = com.shimizu.psSimone;
				PRODUCT_NAME = "$(TARGET_NAME)";
				SWIFT_VERSION = 3.0;
			};
			name = Debug;
		};
		9B7455F61EEF08D800C6DD54 /* Release */ = {
			isa = XCBuildConfiguration;
			buildSettings = {
				ASSETCATALOG_COMPILER_APPICON_NAME = AppIcon;
				INFOPLIST_FILE = psSimone/Info.plist;
				LD_RUNPATH_SEARCH_PATHS = "$(inherited) @executable_path/Frameworks";
				PRODUCT_BUNDLE_IDENTIFIER = com.shimizu.psSimone;
				PRODUCT_NAME = "$(TARGET_NAME)";
				SWIFT_VERSION = 3.0;
			};
			name = Release;
		};
		9B7455F81EEF08D800C6DD54 /* Debug */ = {
			isa = XCBuildConfiguration;
			buildSettings = {
				ALWAYS_EMBED_SWIFT_STANDARD_LIBRARIES = YES;
				BUNDLE_LOADER = "$(TEST_HOST)";
				INFOPLIST_FILE = psSimoneTests/Info.plist;
				LD_RUNPATH_SEARCH_PATHS = "$(inherited) @executable_path/Frameworks @loader_path/Frameworks";
				PRODUCT_BUNDLE_IDENTIFIER = com.shimizu.psSimoneTests;
				PRODUCT_NAME = "$(TARGET_NAME)";
				SWIFT_VERSION = 3.0;
				TEST_HOST = "$(BUILT_PRODUCTS_DIR)/psSimone.app/psSimone";
			};
			name = Debug;
		};
		9B7455F91EEF08D800C6DD54 /* Release */ = {
			isa = XCBuildConfiguration;
			buildSettings = {
				ALWAYS_EMBED_SWIFT_STANDARD_LIBRARIES = YES;
				BUNDLE_LOADER = "$(TEST_HOST)";
				INFOPLIST_FILE = psSimoneTests/Info.plist;
				LD_RUNPATH_SEARCH_PATHS = "$(inherited) @executable_path/Frameworks @loader_path/Frameworks";
				PRODUCT_BUNDLE_IDENTIFIER = com.shimizu.psSimoneTests;
				PRODUCT_NAME = "$(TARGET_NAME)";
				SWIFT_VERSION = 3.0;
				TEST_HOST = "$(BUILT_PRODUCTS_DIR)/psSimone.app/psSimone";
			};
			name = Release;
		};
		9B7455FB1EEF08D800C6DD54 /* Debug */ = {
			isa = XCBuildConfiguration;
			buildSettings = {
				ALWAYS_EMBED_SWIFT_STANDARD_LIBRARIES = YES;
				INFOPLIST_FILE = psSimoneUITests/Info.plist;
				LD_RUNPATH_SEARCH_PATHS = "$(inherited) @executable_path/Frameworks @loader_path/Frameworks";
				PRODUCT_BUNDLE_IDENTIFIER = com.shimizu.psSimoneUITests;
				PRODUCT_NAME = "$(TARGET_NAME)";
				SWIFT_VERSION = 3.0;
				TEST_TARGET_NAME = psSimone;
			};
			name = Debug;
		};
		9B7455FC1EEF08D800C6DD54 /* Release */ = {
			isa = XCBuildConfiguration;
			buildSettings = {
				ALWAYS_EMBED_SWIFT_STANDARD_LIBRARIES = YES;
				INFOPLIST_FILE = psSimoneUITests/Info.plist;
				LD_RUNPATH_SEARCH_PATHS = "$(inherited) @executable_path/Frameworks @loader_path/Frameworks";
				PRODUCT_BUNDLE_IDENTIFIER = com.shimizu.psSimoneUITests;
				PRODUCT_NAME = "$(TARGET_NAME)";
				SWIFT_VERSION = 3.0;
				TEST_TARGET_NAME = psSimone;
			};
			name = Release;
		};
/* End XCBuildConfiguration section */

/* Begin XCConfigurationList section */
		9B7455C71EEF08D700C6DD54 /* Build configuration list for PBXProject "psSimone" */ = {
			isa = XCConfigurationList;
			buildConfigurations = (
				9B7455F21EEF08D800C6DD54 /* Debug */,
				9B7455F31EEF08D800C6DD54 /* Release */,
			);
			defaultConfigurationIsVisible = 0;
			defaultConfigurationName = Release;
		};
		9B7455F41EEF08D800C6DD54 /* Build configuration list for PBXNativeTarget "psSimone" */ = {
			isa = XCConfigurationList;
			buildConfigurations = (
				9B7455F51EEF08D800C6DD54 /* Debug */,
				9B7455F61EEF08D800C6DD54 /* Release */,
			);
			defaultConfigurationIsVisible = 0;
			defaultConfigurationName = Release;
		};
		9B7455F71EEF08D800C6DD54 /* Build configuration list for PBXNativeTarget "psSimoneTests" */ = {
			isa = XCConfigurationList;
			buildConfigurations = (
				9B7455F81EEF08D800C6DD54 /* Debug */,
				9B7455F91EEF08D800C6DD54 /* Release */,
			);
			defaultConfigurationIsVisible = 0;
			defaultConfigurationName = Release;
		};
		9B7455FA1EEF08D800C6DD54 /* Build configuration list for PBXNativeTarget "psSimoneUITests" */ = {
			isa = XCConfigurationList;
			buildConfigurations = (
				9B7455FB1EEF08D800C6DD54 /* Debug */,
				9B7455FC1EEF08D800C6DD54 /* Release */,
			);
			defaultConfigurationIsVisible = 0;
			defaultConfigurationName = Release;
		};
/* End XCConfigurationList section */
	};
	rootObject = 9B7455C41EEF08D700C6DD54 /* Project object */;
}
